
Microsoft Visual Studio Solution File, Format Version 12.00
# Visual Studio Version 16
VisualStudioVersion = 16.0.30114.105
MinimumVisualStudioVersion = 10.0.40219.1
Project("{FAE04EC0-301F-11D3-BF4B-00C04F79EFBC}") = "API", "API\API.csproj", "{FEFF35C7-1B1D-47AD-85C8-76692914BEE1}"
EndProject
Global
	GlobalSection(SolutionConfigurationPlatforms) = preSolution
		Debug|Any CPU = Debug|Any CPU
		Release|Any CPU = Release|Any CPU
	EndGlobalSection
	GlobalSection(SolutionProperties) = preSolution
		HideSolutionNode = FALSE
	EndGlobalSection
	GlobalSection(ProjectConfigurationPlatforms) = postSolution
		{FEFF35C7-1B1D-47AD-85C8-76692914BEE1}.Debug|Any CPU.ActiveCfg = Debug|Any CPU
		{FEFF35C7-1B1D-47AD-85C8-76692914BEE1}.Debug|Any CPU.Build.0 = Debug|Any CPU
		{FEFF35C7-1B1D-47AD-85C8-76692914BEE1}.Release|Any CPU.ActiveCfg = Release|Any CPU
		{FEFF35C7-1B1D-47AD-85C8-76692914BEE1}.Release|Any CPU.Build.0 = Release|Any CPU
	EndGlobalSection
EndGlobal
